
Microsoft Visual Studio Solution File, Format Version 12.00
# Visual Studio 15
VisualStudioVersion = 15.0.28307.489
MinimumVisualStudioVersion = 10.0.40219.1
Project("{FAE04EC0-301F-11D3-BF4B-00C04F79EFBC}") = "ToDo", "ToDo\ToDo.csproj", "{BAB82250-5A4C-4DB9-8AAF-7C5D09208A1B}"
EndProject
Project("{FAE04EC0-301F-11D3-BF4B-00C04F79EFBC}") = "ToDo_TDD", "ToDo_TDD\ToDo_TDD.csproj", "{984E5CF4-6147-4FD3-B484-8F97F9CE7F1B}"
EndProject
Global
	GlobalSection(SolutionConfigurationPlatforms) = preSolution
		Debug|Any CPU = Debug|Any CPU
		Release|Any CPU = Release|Any CPU
	EndGlobalSection
	GlobalSection(ProjectConfigurationPlatforms) = postSolution
		{BAB82250-5A4C-4DB9-8AAF-7C5D09208A1B}.Debug|Any CPU.ActiveCfg = Debug|Any CPU
		{BAB82250-5A4C-4DB9-8AAF-7C5D09208A1B}.Debug|Any CPU.Build.0 = Debug|Any CPU
		{BAB82250-5A4C-4DB9-8AAF-7C5D09208A1B}.Release|Any CPU.ActiveCfg = Release|Any CPU
		{BAB82250-5A4C-4DB9-8AAF-7C5D09208A1B}.Release|Any CPU.Build.0 = Release|Any CPU
		{984E5CF4-6147-4FD3-B484-8F97F9CE7F1B}.Debug|Any CPU.ActiveCfg = Debug|Any CPU
		{984E5CF4-6147-4FD3-B484-8F97F9CE7F1B}.Debug|Any CPU.Build.0 = Debug|Any CPU
		{984E5CF4-6147-4FD3-B484-8F97F9CE7F1B}.Release|Any CPU.ActiveCfg = Release|Any CPU
		{984E5CF4-6147-4FD3-B484-8F97F9CE7F1B}.Release|Any CPU.Build.0 = Release|Any CPU
	EndGlobalSection
	GlobalSection(SolutionProperties) = preSolution
		HideSolutionNode = FALSE
	EndGlobalSection
	GlobalSection(ExtensibilityGlobals) = postSolution
		SolutionGuid = {0EABB890-D963-4B79-A591-1108EF8BC636}
	EndGlobalSection
EndGlobal
